{
  "name": "docs",
  "version": "1.0.0",
  "lockfileVersion": 3,
  "requires": true,
  "packages": {
    "": {
      "name": "docs",
      "version": "1.0.0",
      "license": "ISC",
      "dependencies": {
        "elegance-js": "../",
        "tailwindcss": "^4.1.18"
      }
    },
    "..": {
      "version": "2.1.23",
      "license": "MIT",
      "dependencies": {
        "esbuild": "^0.25.9",
        "ts-arc": "^1.1.29"
      },
      "bin": {
        "bootstrap": "scripts/bootstrap.js",
        "dev": "scripts/ts-arc-dev.js",
        "native": "scripts/native-test.js",
        "prod": "scripts/ts-arc-prod.js"
      },
      "devDependencies": {
        "@tailwindcss/cli": "^4.0.3",
        "@types/node": "^22.18.12",
        "tailwindcss": "^4.0.3",
        "typescript": "^5.8.2"
      }
    },
    "node_modules/elegance-js": {
      "resolved": "..",
      "link": true
    },
    "node_modules/tailwindcss": {
      "version": "4.1.18",
      "resolved": "https://registry.npmjs.org/tailwindcss/-/tailwindcss-4.1.18.tgz",
      "integrity": "sha512-4+Z+0yiYyEtUVCScyfHCxOYP06L5Ne+JiHhY2IjR2KWMIWhJOYZKLSGZaP5HkZ8+bY0cxfzwDE5uOmzFXyIwxw==",
      "license": "MIT"
    }
  }
}
